
Microsoft Visual Studio Solution File, Format Version 12.00
# Visual Studio 15
VisualStudioVersion = 15.0.26430.13
MinimumVisualStudioVersion = 10.0.40219.1
Project("{E24C65DC-7377-472B-9ABA-BC803B73C61A}") = "DomesticasWEB", "..\", "{7B5DDB61-21A5-4727-A735-C537F6A56AD2}"
	ProjectSection(WebsiteProperties) = preProject
		TargetFrameworkMoniker = ".NETFramework,Version%3Dv3.5"
		Debug.AspNetCompiler.VirtualPath = "/localhost_51136"
		Debug.AspNetCompiler.PhysicalPath = "..\..\DomesticasWEB\"
		Debug.AspNetCompiler.TargetPath = "PrecompiledWeb\localhost_51136\"
		Debug.AspNetCompiler.Updateable = "true"
		Debug.AspNetCompiler.ForceOverwrite = "true"
		Debug.AspNetCompiler.FixedNames = "false"
		Debug.AspNetCompiler.Debug = "True"
		Release.AspNetCompiler.VirtualPath = "/localhost_51136"
		Release.AspNetCompiler.PhysicalPath = "..\..\DomesticasWEB\"
		Release.AspNetCompiler.TargetPath = "PrecompiledWeb\localhost_51136\"
		Release.AspNetCompiler.Updateable = "true"
		Release.AspNetCompiler.ForceOverwrite = "true"
		Release.AspNetCompiler.FixedNames = "false"
		Release.AspNetCompiler.Debug = "False"
		VWDPort = "51136"
		SlnRelativePath = "..\..\DomesticasWEB\"
	EndProjectSection
EndProject
Global
	GlobalSection(SolutionConfigurationPlatforms) = preSolution
		Debug|Any CPU = Debug|Any CPU
	EndGlobalSection
	GlobalSection(ProjectConfigurationPlatforms) = postSolution
		{7B5DDB61-21A5-4727-A735-C537F6A56AD2}.Debug|Any CPU.ActiveCfg = Debug|Any CPU
		{7B5DDB61-21A5-4727-A735-C537F6A56AD2}.Debug|Any CPU.Build.0 = Debug|Any CPU
	EndGlobalSection
	GlobalSection(SolutionProperties) = preSolution
		HideSolutionNode = FALSE
	EndGlobalSection
EndGlobal
